
Microsoft Visual Studio Solution File, Format Version 12.00
# Visual Studio Version 17
VisualStudioVersion = 17.13.35931.197 d17.13
MinimumVisualStudioVersion = 10.0.40219.1
Project("{FAE04EC0-301F-11D3-BF4B-00C04F79EFBC}") = "print a triangle pattern", "print a triangle pattern\print a triangle pattern.csproj", "{7FC63251-41B4-4DCA-80EE-1789ADF9644F}"
EndProject
Global
	GlobalSection(SolutionConfigurationPlatforms) = preSolution
		Debug|Any CPU = Debug|Any CPU
		Release|Any CPU = Release|Any CPU
	EndGlobalSection
	GlobalSection(ProjectConfigurationPlatforms) = postSolution
		{7FC63251-41B4-4DCA-80EE-1789ADF9644F}.Debug|Any CPU.ActiveCfg = Debug|Any CPU
		{7FC63251-41B4-4DCA-80EE-1789ADF9644F}.Debug|Any CPU.Build.0 = Debug|Any CPU
		{7FC63251-41B4-4DCA-80EE-1789ADF9644F}.Release|Any CPU.ActiveCfg = Release|Any CPU
		{7FC63251-41B4-4DCA-80EE-1789ADF9644F}.Release|Any CPU.Build.0 = Release|Any CPU
	EndGlobalSection
	GlobalSection(SolutionProperties) = preSolution
		HideSolutionNode = FALSE
	EndGlobalSection
	GlobalSection(ExtensibilityGlobals) = postSolution
		SolutionGuid = {EAA1B68F-5DB0-404C-B4BB-96EAFC446FDA}
	EndGlobalSection
EndGlobal
